
Microsoft Visual Studio Solution File, Format Version 12.00
# Visual Studio Version 16
VisualStudioVersion = 16.0.29009.5
MinimumVisualStudioVersion = 10.0.40219.1
Project("{9A19103F-16F7-4668-BE54-9A1E7A4F7556}") = "Fabrikam.FieldDevice.Generator", "Fabrikam.FieldDevice.Generator\Fabrikam.FieldDevice.Generator.csproj", "{7028F473-18D3-447E-838A-5381948E51C1}"
EndProject
Global
	GlobalSection(SolutionConfigurationPlatforms) = preSolution
		Debug|Any CPU = Debug|Any CPU
		Release|Any CPU = Release|Any CPU
	EndGlobalSection
	GlobalSection(ProjectConfigurationPlatforms) = postSolution
		{7028F473-18D3-447E-838A-5381948E51C1}.Debug|Any CPU.ActiveCfg = Debug|Any CPU
		{7028F473-18D3-447E-838A-5381948E51C1}.Debug|Any CPU.Build.0 = Debug|Any CPU
		{7028F473-18D3-447E-838A-5381948E51C1}.Release|Any CPU.ActiveCfg = Release|Any CPU
		{7028F473-18D3-447E-838A-5381948E51C1}.Release|Any CPU.Build.0 = Release|Any CPU
	EndGlobalSection
	GlobalSection(SolutionProperties) = preSolution
		HideSolutionNode = FALSE
	EndGlobalSection
	GlobalSection(ExtensibilityGlobals) = postSolution
		SolutionGuid = {43245554-0225-4360-B874-785C52F58E74}
	EndGlobalSection
EndGlobal
